
Microsoft Visual Studio Solution File, Format Version 12.00
# Visual Studio Version 16
VisualStudioVersion = 16.0.30406.217
MinimumVisualStudioVersion = 10.0.40219.1
Project("{FAE04EC0-301F-11D3-BF4B-00C04F79EFBC}") = "Shop", "Shop\Shop.csproj", "{CE01C30F-C6A3-4BFB-8F8D-5E92F08EB560}"
EndProject
Project("{FAE04EC0-301F-11D3-BF4B-00C04F79EFBC}") = "BLL", "BLL\BLL.csproj", "{506929EF-390E-447E-8E63-EC9D012EA25C}"
EndProject
Project("{FAE04EC0-301F-11D3-BF4B-00C04F79EFBC}") = "DAL", "DAL\DAL.csproj", "{B5822856-7E44-4BE4-92B6-D4D82E410E54}"
EndProject
Project("{FAE04EC0-301F-11D3-BF4B-00C04F79EFBC}") = "MODEL", "MODEL\MODEL.csproj", "{5B088E83-33D6-4557-9334-37247BE7748A}"
EndProject
Project("{FAE04EC0-301F-11D3-BF4B-00C04F79EFBC}") = "IDAL", "IDAL\IDAL.csproj", "{B22C61F8-F29D-4257-A152-2D37F808BE38}"
EndProject
Project("{FAE04EC0-301F-11D3-BF4B-00C04F79EFBC}") = "IBLL", "IBLL\IBLL.csproj", "{A2C72F74-953B-46C6-A572-65EAE4809F9C}"
EndProject
Project("{FAE04EC0-301F-11D3-BF4B-00C04F79EFBC}") = "COMMON", "COMMON\COMMON.csproj", "{517731DE-1776-4ECA-8BD6-5E1A1F805499}"
EndProject
Project("{FAE04EC0-301F-11D3-BF4B-00C04F79EFBC}") = "Constant", "Constant\Constant.csproj", "{25BBFAFA-5FEE-4F43-AA54-E09EB1023182}"
EndProject
Project("{FAE04EC0-301F-11D3-BF4B-00C04F79EFBC}") = "API", "API\API.csproj", "{603765D7-3CD2-49B7-9C4C-5F6145D0F9C3}"
EndProject
Project("{FAE04EC0-301F-11D3-BF4B-00C04F79EFBC}") = "Img", "Img\Img.csproj", "{FA8D2652-8116-4813-9B3E-A9F7F33700C5}"
EndProject
Project("{FAE04EC0-301F-11D3-BF4B-00C04F79EFBC}") = "VMODEL", "VMODEL\VMODEL.csproj", "{31DAEC2B-2B4F-4A5D-9551-9E46786D9F11}"
EndProject
Project("{FAE04EC0-301F-11D3-BF4B-00C04F79EFBC}") = "Test", "Test\Test.csproj", "{B3B0E5C9-03E6-4E9C-BE2B-3077A64FD51C}"
EndProject
Project("{2150E333-8FDC-42A3-9474-1A3956D46DE8}") = "WebForm", "WebForm", "{B4B3D1B9-1ED4-4F4D-A192-BBC27B250F6B}"
EndProject
Project("{FAE04EC0-301F-11D3-BF4B-00C04F79EFBC}") = "WebFormsDemo1", "WebFormsDemo1\WebFormsDemo1.csproj", "{E136B78B-4953-4D4C-BE48-EC122F1429A8}"
EndProject
Project("{2150E333-8FDC-42A3-9474-1A3956D46DE8}") = "Core", "Core", "{FAB14BF4-EA09-4145-B0B0-B95A1605CEC5}"
EndProject
Project("{9A19103F-16F7-4668-BE54-9A1E7A4F7556}") = "CoreWebDemo1", "CoreWebDemo1\CoreWebDemo1.csproj", "{90AB8A2F-02A5-4C34-9C48-DEEA8BFD3A5C}"
EndProject
Global
	GlobalSection(SolutionConfigurationPlatforms) = preSolution
		Debug|Any CPU = Debug|Any CPU
		Release|Any CPU = Release|Any CPU
	EndGlobalSection
	GlobalSection(ProjectConfigurationPlatforms) = postSolution
		{CE01C30F-C6A3-4BFB-8F8D-5E92F08EB560}.Debug|Any CPU.ActiveCfg = Debug|Any CPU
		{CE01C30F-C6A3-4BFB-8F8D-5E92F08EB560}.Debug|Any CPU.Build.0 = Debug|Any CPU
		{CE01C30F-C6A3-4BFB-8F8D-5E92F08EB560}.Release|Any CPU.ActiveCfg = Release|Any CPU
		{CE01C30F-C6A3-4BFB-8F8D-5E92F08EB560}.Release|Any CPU.Build.0 = Release|Any CPU
		{506929EF-390E-447E-8E63-EC9D012EA25C}.Debug|Any CPU.ActiveCfg = Debug|Any CPU
		{506929EF-390E-447E-8E63-EC9D012EA25C}.Debug|Any CPU.Build.0 = Debug|Any CPU
		{506929EF-390E-447E-8E63-EC9D012EA25C}.Release|Any CPU.ActiveCfg = Release|Any CPU
		{506929EF-390E-447E-8E63-EC9D012EA25C}.Release|Any CPU.Build.0 = Release|Any CPU
		{B5822856-7E44-4BE4-92B6-D4D82E410E54}.Debug|Any CPU.ActiveCfg = Debug|Any CPU
		{B5822856-7E44-4BE4-92B6-D4D82E410E54}.Debug|Any CPU.Build.0 = Debug|Any CPU
		{B5822856-7E44-4BE4-92B6-D4D82E410E54}.Release|Any CPU.ActiveCfg = Release|Any CPU
		{B5822856-7E44-4BE4-92B6-D4D82E410E54}.Release|Any CPU.Build.0 = Release|Any CPU
		{5B088E83-33D6-4557-9334-37247BE7748A}.Debug|Any CPU.ActiveCfg = Debug|Any CPU
		{5B088E83-33D6-4557-9334-37247BE7748A}.Debug|Any CPU.Build.0 = Debug|Any CPU
		{5B088E83-33D6-4557-9334-37247BE7748A}.Release|Any CPU.ActiveCfg = Release|Any CPU
		{5B088E83-33D6-4557-9334-37247BE7748A}.Release|Any CPU.Build.0 = Release|Any CPU
		{B22C61F8-F29D-4257-A152-2D37F808BE38}.Debug|Any CPU.ActiveCfg = Debug|Any CPU
		{B22C61F8-F29D-4257-A152-2D37F808BE38}.Debug|Any CPU.Build.0 = Debug|Any CPU
		{B22C61F8-F29D-4257-A152-2D37F808BE38}.Release|Any CPU.ActiveCfg = Release|Any CPU
		{B22C61F8-F29D-4257-A152-2D37F808BE38}.Release|Any CPU.Build.0 = Release|Any CPU
		{A2C72F74-953B-46C6-A572-65EAE4809F9C}.Debug|Any CPU.ActiveCfg = Debug|Any CPU
		{A2C72F74-953B-46C6-A572-65EAE4809F9C}.Debug|Any CPU.Build.0 = Debug|Any CPU
		{A2C72F74-953B-46C6-A572-65EAE4809F9C}.Release|Any CPU.ActiveCfg = Release|Any CPU
		{A2C72F74-953B-46C6-A572-65EAE4809F9C}.Release|Any CPU.Build.0 = Release|Any CPU
		{517731DE-1776-4ECA-8BD6-5E1A1F805499}.Debug|Any CPU.ActiveCfg = Debug|Any CPU
		{517731DE-1776-4ECA-8BD6-5E1A1F805499}.Debug|Any CPU.Build.0 = Debug|Any CPU
		{517731DE-1776-4ECA-8BD6-5E1A1F805499}.Release|Any CPU.ActiveCfg = Release|Any CPU
		{517731DE-1776-4ECA-8BD6-5E1A1F805499}.Release|Any CPU.Build.0 = Release|Any CPU
		{25BBFAFA-5FEE-4F43-AA54-E09EB1023182}.Debug|Any CPU.ActiveCfg = Debug|Any CPU
		{25BBFAFA-5FEE-4F43-AA54-E09EB1023182}.Debug|Any CPU.Build.0 = Debug|Any CPU
		{25BBFAFA-5FEE-4F43-AA54-E09EB1023182}.Release|Any CPU.ActiveCfg = Release|Any CPU
		{25BBFAFA-5FEE-4F43-AA54-E09EB1023182}.Release|Any CPU.Build.0 = Release|Any CPU
		{603765D7-3CD2-49B7-9C4C-5F6145D0F9C3}.Debug|Any CPU.ActiveCfg = Debug|Any CPU
		{603765D7-3CD2-49B7-9C4C-5F6145D0F9C3}.Debug|Any CPU.Build.0 = Debug|Any CPU
		{603765D7-3CD2-49B7-9C4C-5F6145D0F9C3}.Release|Any CPU.ActiveCfg = Release|Any CPU
		{603765D7-3CD2-49B7-9C4C-5F6145D0F9C3}.Release|Any CPU.Build.0 = Release|Any CPU
		{FA8D2652-8116-4813-9B3E-A9F7F33700C5}.Debug|Any CPU.ActiveCfg = Debug|Any CPU
		{FA8D2652-8116-4813-9B3E-A9F7F33700C5}.Debug|Any CPU.Build.0 = Debug|Any CPU
		{FA8D2652-8116-4813-9B3E-A9F7F33700C5}.Release|Any CPU.ActiveCfg = Release|Any CPU
		{FA8D2652-8116-4813-9B3E-A9F7F33700C5}.Release|Any CPU.Build.0 = Release|Any CPU
		{31DAEC2B-2B4F-4A5D-9551-9E46786D9F11}.Debug|Any CPU.ActiveCfg = Debug|Any CPU
		{31DAEC2B-2B4F-4A5D-9551-9E46786D9F11}.Debug|Any CPU.Build.0 = Debug|Any CPU
		{31DAEC2B-2B4F-4A5D-9551-9E46786D9F11}.Release|Any CPU.ActiveCfg = Release|Any CPU
		{31DAEC2B-2B4F-4A5D-9551-9E46786D9F11}.Release|Any CPU.Build.0 = Release|Any CPU
		{B3B0E5C9-03E6-4E9C-BE2B-3077A64FD51C}.Debug|Any CPU.ActiveCfg = Debug|Any CPU
		{B3B0E5C9-03E6-4E9C-BE2B-3077A64FD51C}.Debug|Any CPU.Build.0 = Debug|Any CPU
		{B3B0E5C9-03E6-4E9C-BE2B-3077A64FD51C}.Release|Any CPU.ActiveCfg = Release|Any CPU
		{B3B0E5C9-03E6-4E9C-BE2B-3077A64FD51C}.Release|Any CPU.Build.0 = Release|Any CPU
		{E136B78B-4953-4D4C-BE48-EC122F1429A8}.Debug|Any CPU.ActiveCfg = Debug|Any CPU
		{E136B78B-4953-4D4C-BE48-EC122F1429A8}.Debug|Any CPU.Build.0 = Debug|Any CPU
		{E136B78B-4953-4D4C-BE48-EC122F1429A8}.Release|Any CPU.ActiveCfg = Release|Any CPU
		{E136B78B-4953-4D4C-BE48-EC122F1429A8}.Release|Any CPU.Build.0 = Release|Any CPU
		{90AB8A2F-02A5-4C34-9C48-DEEA8BFD3A5C}.Debug|Any CPU.ActiveCfg = Debug|Any CPU
		{90AB8A2F-02A5-4C34-9C48-DEEA8BFD3A5C}.Debug|Any CPU.Build.0 = Debug|Any CPU
		{90AB8A2F-02A5-4C34-9C48-DEEA8BFD3A5C}.Release|Any CPU.ActiveCfg = Release|Any CPU
		{90AB8A2F-02A5-4C34-9C48-DEEA8BFD3A5C}.Release|Any CPU.Build.0 = Release|Any CPU
	EndGlobalSection
	GlobalSection(SolutionProperties) = preSolution
		HideSolutionNode = FALSE
	EndGlobalSection
	GlobalSection(NestedProjects) = preSolution
		{E136B78B-4953-4D4C-BE48-EC122F1429A8} = {B4B3D1B9-1ED4-4F4D-A192-BBC27B250F6B}
		{90AB8A2F-02A5-4C34-9C48-DEEA8BFD3A5C} = {FAB14BF4-EA09-4145-B0B0-B95A1605CEC5}
	EndGlobalSection
	GlobalSection(ExtensibilityGlobals) = postSolution
		SolutionGuid = {03587739-E814-425B-92B9-AFB8698CE672}
	EndGlobalSection
EndGlobal
